
Microsoft Visual Studio Solution File, Format Version 12.00
# Visual Studio Version 17
VisualStudioVersion = 17.14.37027.9 d17.14
MinimumVisualStudioVersion = 10.0.40219.1
Project("{FAE04EC0-301F-11D3-BF4B-00C04F79EFBC}") = "LabAsincronia1", "LabAsincronia1.csproj", "{86FB5ECB-2087-4D37-9048-992248A41828}"
EndProject
Global
	GlobalSection(SolutionConfigurationPlatforms) = preSolution
		Debug|Any CPU = Debug|Any CPU
		Release|Any CPU = Release|Any CPU
	EndGlobalSection
	GlobalSection(ProjectConfigurationPlatforms) = postSolution
		{86FB5ECB-2087-4D37-9048-992248A41828}.Debug|Any CPU.ActiveCfg = Debug|Any CPU
		{86FB5ECB-2087-4D37-9048-992248A41828}.Debug|Any CPU.Build.0 = Debug|Any CPU
		{86FB5ECB-2087-4D37-9048-992248A41828}.Release|Any CPU.ActiveCfg = Release|Any CPU
		{86FB5ECB-2087-4D37-9048-992248A41828}.Release|Any CPU.Build.0 = Release|Any CPU
	EndGlobalSection
	GlobalSection(SolutionProperties) = preSolution
		HideSolutionNode = FALSE
	EndGlobalSection
	GlobalSection(ExtensibilityGlobals) = postSolution
		SolutionGuid = {05130FD3-F30C-4290-BF09-06FC08C3282A}
	EndGlobalSection
EndGlobal
