
Microsoft Visual Studio Solution File, Format Version 12.00
# Visual Studio Version 17
VisualStudioVersion = 17.14.37516.0 d17.14
MinimumVisualStudioVersion = 10.0.40219.1
Project("{FAE04EC0-301F-11D3-BF4B-00C04F79EFBC}") = "Lab1", "Lab1.csproj", "{16A30D81-3741-49A8-8DB3-EC0C5043C23E}"
EndProject
Global
	GlobalSection(SolutionConfigurationPlatforms) = preSolution
		Debug|Any CPU = Debug|Any CPU
		Release|Any CPU = Release|Any CPU
	EndGlobalSection
	GlobalSection(ProjectConfigurationPlatforms) = postSolution
		{16A30D81-3741-49A8-8DB3-EC0C5043C23E}.Debug|Any CPU.ActiveCfg = Debug|Any CPU
		{16A30D81-3741-49A8-8DB3-EC0C5043C23E}.Debug|Any CPU.Build.0 = Debug|Any CPU
		{16A30D81-3741-49A8-8DB3-EC0C5043C23E}.Release|Any CPU.ActiveCfg = Release|Any CPU
		{16A30D81-3741-49A8-8DB3-EC0C5043C23E}.Release|Any CPU.Build.0 = Release|Any CPU
	EndGlobalSection
	GlobalSection(SolutionProperties) = preSolution
		HideSolutionNode = FALSE
	EndGlobalSection
	GlobalSection(ExtensibilityGlobals) = postSolution
		SolutionGuid = {3F673FCE-3552-47F1-93B2-C33378B8462D}
	EndGlobalSection
EndGlobal
