
Microsoft Visual Studio Solution File, Format Version 12.00
# Visual Studio Version 17
VisualStudioVersion = 17.14.37216.2 d17.14
MinimumVisualStudioVersion = 10.0.40219.1
Project("{FAE04EC0-301F-11D3-BF4B-00C04F79EFBC}") = "AgustinGil.Consola", "AgustinGil.Consola.csproj", "{CDBB2D49-5FBA-4396-A805-D4C592BB453B}"
EndProject
Project("{FAE04EC0-301F-11D3-BF4B-00C04F79EFBC}") = "AgustinGil.Dominio", "..\AgustinGil.Dominio\AgustinGil.Dominio.csproj", "{4BA15F3C-D009-44E1-BC85-A2DAAC04BB5C}"
EndProject
Global
	GlobalSection(SolutionConfigurationPlatforms) = preSolution
		Debug|Any CPU = Debug|Any CPU
		Release|Any CPU = Release|Any CPU
	EndGlobalSection
	GlobalSection(ProjectConfigurationPlatforms) = postSolution
		{CDBB2D49-5FBA-4396-A805-D4C592BB453B}.Debug|Any CPU.ActiveCfg = Debug|Any CPU
		{CDBB2D49-5FBA-4396-A805-D4C592BB453B}.Debug|Any CPU.Build.0 = Debug|Any CPU
		{CDBB2D49-5FBA-4396-A805-D4C592BB453B}.Release|Any CPU.ActiveCfg = Release|Any CPU
		{CDBB2D49-5FBA-4396-A805-D4C592BB453B}.Release|Any CPU.Build.0 = Release|Any CPU
		{4BA15F3C-D009-44E1-BC85-A2DAAC04BB5C}.Debug|Any CPU.ActiveCfg = Debug|Any CPU
		{4BA15F3C-D009-44E1-BC85-A2DAAC04BB5C}.Debug|Any CPU.Build.0 = Debug|Any CPU
		{4BA15F3C-D009-44E1-BC85-A2DAAC04BB5C}.Release|Any CPU.ActiveCfg = Release|Any CPU
		{4BA15F3C-D009-44E1-BC85-A2DAAC04BB5C}.Release|Any CPU.Build.0 = Release|Any CPU
	EndGlobalSection
	GlobalSection(SolutionProperties) = preSolution
		HideSolutionNode = FALSE
	EndGlobalSection
	GlobalSection(ExtensibilityGlobals) = postSolution
		SolutionGuid = {F235D46C-E3C2-4603-87A7-3D214231A4CE}
	EndGlobalSection
EndGlobal
